
Microsoft Visual Studio Solution File, Format Version 12.00
# Visual Studio Version 17
VisualStudioVersion = 17.13.35818.85
MinimumVisualStudioVersion = 10.0.40219.1
Project("{FAE04EC0-301F-11D3-BF4B-00C04F79EFBC}") = "VentaVehículos", "VentaVehículos.csproj", "{FB0B1FD1-409D-443C-8706-6A2D7F3BEA98}"
EndProject
Global
	GlobalSection(SolutionConfigurationPlatforms) = preSolution
		Debug|Any CPU = Debug|Any CPU
		Release|Any CPU = Release|Any CPU
	EndGlobalSection
	GlobalSection(ProjectConfigurationPlatforms) = postSolution
		{FB0B1FD1-409D-443C-8706-6A2D7F3BEA98}.Debug|Any CPU.ActiveCfg = Debug|Any CPU
		{FB0B1FD1-409D-443C-8706-6A2D7F3BEA98}.Debug|Any CPU.Build.0 = Debug|Any CPU
		{FB0B1FD1-409D-443C-8706-6A2D7F3BEA98}.Release|Any CPU.ActiveCfg = Release|Any CPU
		{FB0B1FD1-409D-443C-8706-6A2D7F3BEA98}.Release|Any CPU.Build.0 = Release|Any CPU
	EndGlobalSection
	GlobalSection(SolutionProperties) = preSolution
		HideSolutionNode = FALSE
	EndGlobalSection
	GlobalSection(ExtensibilityGlobals) = postSolution
		SolutionGuid = {B31B4F2E-E37A-499C-8D77-453E097178C0}
	EndGlobalSection
EndGlobal
